// !$*UTF8*$!
{
	archiveVersion = 1;
	classes = {
	};
	objectVersion = 46;
	objects = {

/* Begin PBXBuildFile section */
		911367F2197DBFE0002B41A0 /* Foundation.framework in Frameworks */ = {isa = PBXBuildFile; fileRef = 911367F1197DBFE0002B41A0 /* Foundation.framework */; };
		911367F4197DBFE0002B41A0 /* CoreGraphics.framework in Frameworks */ = {isa = PBXBuildFile; fileRef = 911367F3197DBFE0002B41A0 /* CoreGraphics.framework */; };
		911367F6197DBFE0002B41A0 /* UIKit.framework in Frameworks */ = {isa = PBXBuildFile; fileRef = 911367F5197DBFE0002B41A0 /* UIKit.framework */; };
		911367FC197DBFE0002B41A0 /* InfoPlist.strings in Resources */ = {isa = PBXBuildFile; fileRef = 911367FA197DBFE0002B41A0 /* InfoPlist.strings */; };
		911367FE197DBFE0002B41A0 /* main.m in Sources */ = {isa = PBXBuildFile; fileRef = 911367FD197DBFE0002B41A0 /* main.m */; };
		91136802197DBFE0002B41A0 /* FSAAppDelegate.m in Sources */ = {isa = PBXBuildFile; fileRef = 91136801197DBFE0002B41A0 /* FSAAppDelegate.m */; };
		91136804197DBFE0002B41A0 /* Images.xcassets in Resources */ = {isa = PBXBuildFile; fileRef = 91136803197DBFE0002B41A0 /* Images.xcassets */; };
		9113680B197DBFE0002B41A0 /* XCTest.framework in Frameworks */ = {isa = PBXBuildFile; fileRef = 9113680A197DBFE0002B41A0 /* XCTest.framework */; };
		9113680C197DBFE0002B41A0 /* Foundation.framework in Frameworks */ = {isa = PBXBuildFile; fileRef = 911367F1197DBFE0002B41A0 /* Foundation.framework */; };
		9113680D197DBFE0002B41A0 /* UIKit.framework in Frameworks */ = {isa = PBXBuildFile; fileRef = 911367F5197DBFE0002B41A0 /* UIKit.framework */; };
		91136815197DBFE0002B41A0 /* InfoPlist.strings in Resources */ = {isa = PBXBuildFile; fileRef = 91136813197DBFE0002B41A0 /* InfoPlist.strings */; };
		91136817197DBFE0002B41A0 /* FourSquareAppTests.m in Sources */ = {isa = PBXBuildFile; fileRef = 91136816197DBFE0002B41A0 /* FourSquareAppTests.m */; };
		91136822197DC0CA002B41A0 /* FSATableVC.m in Sources */ = {isa = PBXBuildFile; fileRef = 91136821197DC0CA002B41A0 /* FSATableVC.m */; };
		91136825197DC0F3002B41A0 /* FSAMapVC.m in Sources */ = {isa = PBXBuildFile; fileRef = 91136824197DC0F3002B41A0 /* FSAMapVC.m */; };
		91136828197DC202002B41A0 /* FSATVCell.m in Sources */ = {isa = PBXBuildFile; fileRef = 91136827197DC202002B41A0 /* FSATVCell.m */; };
		9113682B197DC328002B41A0 /* FSAFourSquareRequest.m in Sources */ = {isa = PBXBuildFile; fileRef = 9113682A197DC328002B41A0 /* FSAFourSquareRequest.m */; };
		9113682D197DC52D002B41A0 /* Social.framework in Frameworks */ = {isa = PBXBuildFile; fileRef = 9113682C197DC52D002B41A0 /* Social.framework */; };
		9113682F197DC534002B41A0 /* Accounts.framework in Frameworks */ = {isa = PBXBuildFile; fileRef = 9113682E197DC534002B41A0 /* Accounts.framework */; };
		91136832197DC5E0002B41A0 /* FSAAnnotation.m in Sources */ = {isa = PBXBuildFile; fileRef = 91136831197DC5E0002B41A0 /* FSAAnnotation.m */; };
		91136834197DCB61002B41A0 /* venue.jpeg in Resources */ = {isa = PBXBuildFile; fileRef = 91136833197DCB61002B41A0 /* venue.jpeg */; };
		919112F21980641000AAB5F5 /* TAPFourSquareRequests.m in Sources */ = {isa = PBXBuildFile; fileRef = 919112F11980641000AAB5F5 /* TAPFourSquareRequests.m */; };
		91C11ECF197F3C5800F1D808 /* MapKit.framework in Frameworks */ = {isa = PBXBuildFile; fileRef = 91C11ECE197F3C5800F1D808 /* MapKit.framework */; };
/* End PBXBuildFile section */

/* Begin PBXContainerItemProxy section */
		9113680E197DBFE0002B41A0 /* PBXContainerItemProxy */ = {
			isa = PBXContainerItemProxy;
			containerPortal = 911367E6197DBFE0002B41A0 /* Project object */;
			proxyType = 1;
			remoteGlobalIDString = 911367ED197DBFE0002B41A0;
			remoteInfo = FourSquareApp;
		};
/* End PBXContainerItemProxy section */

/* Begin PBXFileReference section */
		911367EE197DBFE0002B41A0 /* FourSquareApp.app */ = {isa = PBXFileReference; explicitFileType = wrapper.application; includeInIndex = 0; path = FourSquareApp.app; sourceTree = BUILT_PRODUCTS_DIR; };
		911367F1197DBFE0002B41A0 /* Foundation.framework */ = {isa = PBXFileReference; lastKnownFileType = wrapper.framework; name = Foundation.framework; path = System/Library/Frameworks/Foundation.framework; sourceTree = SDKROOT; };
		911367F3197DBFE0002B41A0 /* CoreGraphics.framework */ = {isa = PBXFileReference; lastKnownFileType = wrapper.framework; name = CoreGraphics.framework; path = System/Library/Frameworks/CoreGraphics.framework; sourceTree = SDKROOT; };
		911367F5197DBFE0002B41A0 /* UIKit.framework */ = {isa = PBXFileReference; lastKnownFileType = wrapper.framework; name = UIKit.framework; path = System/Library/Frameworks/UIKit.framework; sourceTree = SDKROOT; };
		911367F9197DBFE0002B41A0 /* FourSquareApp-Info.plist */ = {isa = PBXFileReference; lastKnownFileType = text.plist.xml; path = "FourSquareApp-Info.plist"; sourceTree = "<group>"; };
		911367FB197DBFE0002B41A0 /* en */ = {isa = PBXFileReference; lastKnownFileType = text.plist.strings; name = en; path = en.lproj/InfoPlist.strings; sourceTree = "<group>"; };
		911367FD197DBFE0002B41A0 /* main.m */ = {isa = PBXFileReference; lastKnownFileType = sourcecode.c.objc; path = main.m; sourceTree = "<group>"; };
		911367FF197DBFE0002B41A0 /* FourSquareApp-Prefix.pch */ = {isa = PBXFileReference; lastKnownFileType = sourcecode.c.h; path = "FourSquareApp-Prefix.pch"; sourceTree = "<group>"; };
		91136800197DBFE0002B41A0 /* FSAAppDelegate.h */ = {isa = PBXFileReference; lastKnownFileType = sourcecode.c.h; path = FSAAppDelegate.h; sourceTree = "<group>"; };
		91136801197DBFE0002B41A0 /* FSAAppDelegate.m */ = {isa = PBXFileReference; lastKnownFileType = sourcecode.c.objc; path = FSAAppDelegate.m; sourceTree = "<group>"; };
		91136803197DBFE0002B41A0 /* Images.xcassets */ = {isa = PBXFileReference; lastKnownFileType = folder.assetcatalog; path = Images.xcassets; sourceTree = "<group>"; };
		91136809197DBFE0002B41A0 /* FourSquareAppTests.xctest */ = {isa = PBXFileReference; explicitFileType = wrapper.cfbundle; includeInIndex = 0; path = FourSquareAppTests.xctest; sourceTree = BUILT_PRODUCTS_DIR; };
		9113680A197DBFE0002B41A0 /* XCTest.framework */ = {isa = PBXFileReference; lastKnownFileType = wrapper.framework; name = XCTest.framework; path = Library/Frameworks/XCTest.framework; sourceTree = DEVELOPER_DIR; };
		91136812197DBFE0002B41A0 /* FourSquareAppTests-Info.plist */ = {isa = PBXFileReference; lastKnownFileType = text.plist.xml; path = "FourSquareAppTests-Info.plist"; sourceTree = "<group>"; };
		91136814197DBFE0002B41A0 /* en */ = {isa = PBXFileReference; lastKnownFileType = text.plist.strings; name = en; path = en.lproj/InfoPlist.strings; sourceTree = "<group>"; };
		91136816197DBFE0002B41A0 /* FourSquareAppTests.m */ = {isa = PBXFileReference; lastKnownFileType = sourcecode.c.objc; path = FourSquareAppTests.m; sourceTree = "<group>"; };
		91136820197DC0CA002B41A0 /* FSATableVC.h */ = {isa = PBXFileReference; fileEncoding = 4; lastKnownFileType = sourcecode.c.h; path = FSATableVC.h; sourceTree = "<group>"; };
		91136821197DC0CA002B41A0 /* FSATableVC.m */ = {isa = PBXFileReference; fileEncoding = 4; lastKnownFileType = sourcecode.c.objc; path = FSATableVC.m; sourceTree = "<group>"; };
		91136823197DC0F3002B41A0 /* FSAMapVC.h */ = {isa = PBXFileReference; fileEncoding = 4; lastKnownFileType = sourcecode.c.h; path = FSAMapVC.h; sourceTree = "<group>"; };
		91136824197DC0F3002B41A0 /* FSAMapVC.m */ = {isa = PBXFileReference; fileEncoding = 4; lastKnownFileType = sourcecode.c.objc; path = FSAMapVC.m; sourceTree = "<group>"; };
		91136826197DC202002B41A0 /* FSATVCell.h */ = {isa = PBXFileReference; fileEncoding = 4; lastKnownFileType = sourcecode.c.h; path = FSATVCell.h; sourceTree = "<group>"; };
		91136827197DC202002B41A0 /* FSATVCell.m */ = {isa = PBXFileReference; fileEncoding = 4; lastKnownFileType = sourcecode.c.objc; path = FSATVCell.m; sourceTree = "<group>"; };
		91136829197DC328002B41A0 /* FSAFourSquareRequest.h */ = {isa = PBXFileReference; fileEncoding = 4; lastKnownFileType = sourcecode.c.h; path = FSAFourSquareRequest.h; sourceTree = "<group>"; };
		9113682A197DC328002B41A0 /* FSAFourSquareRequest.m */ = {isa = PBXFileReference; fileEncoding = 4; lastKnownFileType = sourcecode.c.objc; path = FSAFourSquareRequest.m; sourceTree = "<group>"; };
		9113682C197DC52D002B41A0 /* Social.framework */ = {isa = PBXFileReference; lastKnownFileType = wrapper.framework; name = Social.framework; path = System/Library/Frameworks/Social.framework; sourceTree = SDKROOT; };
		9113682E197DC534002B41A0 /* Accounts.framework */ = {isa = PBXFileReference; lastKnownFileType = wrapper.framework; name = Accounts.framework; path = System/Library/Frameworks/Accounts.framework; sourceTree = SDKROOT; };
		91136830197DC5E0002B41A0 /* FSAAnnotation.h */ = {isa = PBXFileReference; fileEncoding = 4; lastKnownFileType = sourcecode.c.h; path = FSAAnnotation.h; sourceTree = "<group>"; };
		91136831197DC5E0002B41A0 /* FSAAnnotation.m */ = {isa = PBXFileReference; fileEncoding = 4; lastKnownFileType = sourcecode.c.objc; path = FSAAnnotation.m; sourceTree = "<group>"; };
		91136833197DCB61002B41A0 /* venue.jpeg */ = {isa = PBXFileReference; lastKnownFileType = image.jpeg; path = venue.jpeg; sourceTree = "<group>"; };
		919112F01980641000AAB5F5 /* TAPFourSquareRequests.h */ = {isa = PBXFileReference; fileEncoding = 4; lastKnownFileType = sourcecode.c.h; path = TAPFourSquareRequests.h; sourceTree = "<group>"; };
		919112F11980641000AAB5F5 /* TAPFourSquareRequests.m */ = {isa = PBXFileReference; fileEncoding = 4; lastKnownFileType = sourcecode.c.objc; path = TAPFourSquareRequests.m; sourceTree = "<group>"; };
		91C11ECE197F3C5800F1D808 /* MapKit.framework */ = {isa = PBXFileReference; lastKnownFileType = wrapper.framework; name = MapKit.framework; path = System/Library/Frameworks/MapKit.framework; sourceTree = SDKROOT; };
/* End PBXFileReference section */

/* Begin PBXFrameworksBuildPhase section */
		911367EB197DBFE0002B41A0 /* Frameworks */ = {
			isa = PBXFrameworksBuildPhase;
			buildActionMask = 2147483647;
			files = (
				91C11ECF197F3C5800F1D808 /* MapKit.framework in Frameworks */,
				9113682F197DC534002B41A0 /* Accounts.framework in Frameworks */,
				9113682D197DC52D002B41A0 /* Social.framework in Frameworks */,
				911367F4197DBFE0002B41A0 /* CoreGraphics.framework in Frameworks */,
				911367F6197DBFE0002B41A0 /* UIKit.framework in Frameworks */,
				911367F2197DBFE0002B41A0 /* Foundation.framework in Frameworks */,
			);
			runOnlyForDeploymentPostprocessing = 0;
		};
		91136806197DBFE0002B41A0 /* Frameworks */ = {
			isa = PBXFrameworksBuildPhase;
			buildActionMask = 2147483647;
			files = (
				9113680B197DBFE0002B41A0 /* XCTest.framework in Frameworks */,
				9113680D197DBFE0002B41A0 /* UIKit.framework in Frameworks */,
				9113680C197DBFE0002B41A0 /* Foundation.framework in Frameworks */,
			);
			runOnlyForDeploymentPostprocessing = 0;
		};
/* End PBXFrameworksBuildPhase section */

/* Begin PBXGroup section */
		911367E5197DBFE0002B41A0 = {
			isa = PBXGroup;
			children = (
				919112F01980641000AAB5F5 /* TAPFourSquareRequests.h */,
				919112F11980641000AAB5F5 /* TAPFourSquareRequests.m */,
				91136833197DCB61002B41A0 /* venue.jpeg */,
				91136829197DC328002B41A0 /* FSAFourSquareRequest.h */,
				9113682A197DC328002B41A0 /* FSAFourSquareRequest.m */,
				91136823197DC0F3002B41A0 /* FSAMapVC.h */,
				91136824197DC0F3002B41A0 /* FSAMapVC.m */,
				91136830197DC5E0002B41A0 /* FSAAnnotation.h */,
				91136831197DC5E0002B41A0 /* FSAAnnotation.m */,
				91136820197DC0CA002B41A0 /* FSATableVC.h */,
				91136821197DC0CA002B41A0 /* FSATableVC.m */,
				91136826197DC202002B41A0 /* FSATVCell.h */,
				91136827197DC202002B41A0 /* FSATVCell.m */,
				911367F7197DBFE0002B41A0 /* FourSquareApp */,
				91136810197DBFE0002B41A0 /* FourSquareAppTests */,
				911367F0197DBFE0002B41A0 /* Frameworks */,
				911367EF197DBFE0002B41A0 /* Products */,
			);
			sourceTree = "<group>";
		};
		911367EF197DBFE0002B41A0 /* Products */ = {
			isa = PBXGroup;
			children = (
				911367EE197DBFE0002B41A0 /* FourSquareApp.app */,
				91136809197DBFE0002B41A0 /* FourSquareAppTests.xctest */,
			);
			name = Products;
			sourceTree = "<group>";
		};
		911367F0197DBFE0002B41A0 /* Frameworks */ = {
			isa = PBXGroup;
			children = (
				91C11ECE197F3C5800F1D808 /* MapKit.framework */,
				9113682E197DC534002B41A0 /* Accounts.framework */,
				9113682C197DC52D002B41A0 /* Social.framework */,
				911367F1197DBFE0002B41A0 /* Foundation.framework */,
				911367F3197DBFE0002B41A0 /* CoreGraphics.framework */,
				911367F5197DBFE0002B41A0 /* UIKit.framework */,
				9113680A197DBFE0002B41A0 /* XCTest.framework */,
			);
			name = Frameworks;
			sourceTree = "<group>";
		};
		911367F7197DBFE0002B41A0 /* FourSquareApp */ = {
			isa = PBXGroup;
			children = (
				91136800197DBFE0002B41A0 /* FSAAppDelegate.h */,
				91136801197DBFE0002B41A0 /* FSAAppDelegate.m */,
				91136803197DBFE0002B41A0 /* Images.xcassets */,
				911367F8197DBFE0002B41A0 /* Supporting Files */,
			);
			path = FourSquareApp;
			sourceTree = "<group>";
		};
		911367F8197DBFE0002B41A0 /* Supporting Files */ = {
			isa = PBXGroup;
			children = (
				911367F9197DBFE0002B41A0 /* FourSquareApp-Info.plist */,
				911367FA197DBFE0002B41A0 /* InfoPlist.strings */,
				911367FD197DBFE0002B41A0 /* main.m */,
				911367FF197DBFE0002B41A0 /* FourSquareApp-Prefix.pch */,
			);
			name = "Supporting Files";
			sourceTree = "<group>";
		};
		91136810197DBFE0002B41A0 /* FourSquareAppTests */ = {
			isa = PBXGroup;
			children = (
				91136816197DBFE0002B41A0 /* FourSquareAppTests.m */,
				91136811197DBFE0002B41A0 /* Supporting Files */,
			);
			path = FourSquareAppTests;
			sourceTree = "<group>";
		};
		91136811197DBFE0002B41A0 /* Supporting Files */ = {
			isa = PBXGroup;
			children = (
				91136812197DBFE0002B41A0 /* FourSquareAppTests-Info.plist */,
				91136813197DBFE0002B41A0 /* InfoPlist.strings */,
			);
			name = "Supporting Files";
			sourceTree = "<group>";
		};
/* End PBXGroup section */

/* Begin PBXNativeTarget section */
		911367ED197DBFE0002B41A0 /* FourSquareApp */ = {
			isa = PBXNativeTarget;
			buildConfigurationList = 9113681A197DBFE0002B41A0 /* Build configuration list for PBXNativeTarget "FourSquareApp" */;
			buildPhases = (
				911367EA197DBFE0002B41A0 /* Sources */,
				911367EB197DBFE0002B41A0 /* Frameworks */,
				911367EC197DBFE0002B41A0 /* Resources */,
			);
			buildRules = (
			);
			dependencies = (
			);
			name = FourSquareApp;
			productName = FourSquareApp;
			productReference = 911367EE197DBFE0002B41A0 /* FourSquareApp.app */;
			productType = "com.apple.product-type.application";
		};
		91136808197DBFE0002B41A0 /* FourSquareAppTests */ = {
			isa = PBXNativeTarget;
			buildConfigurationList = 9113681D197DBFE0002B41A0 /* Build configuration list for PBXNativeTarget "FourSquareAppTests" */;
			buildPhases = (
				91136805197DBFE0002B41A0 /* Sources */,
				91136806197DBFE0002B41A0 /* Frameworks */,
				91136807197DBFE0002B41A0 /* Resources */,
			);
			buildRules = (
			);
			dependencies = (
				9113680F197DBFE0002B41A0 /* PBXTargetDependency */,
			);
			name = FourSquareAppTests;
			productName = FourSquareAppTests;
			productReference = 91136809197DBFE0002B41A0 /* FourSquareAppTests.xctest */;
			productType = "com.apple.product-type.bundle.unit-test";
		};
/* End PBXNativeTarget section */

/* Begin PBXProject section */
		911367E6197DBFE0002B41A0 /* Project object */ = {
			isa = PBXProject;
			attributes = {
				CLASSPREFIX = FSA;
				LastUpgradeCheck = 0510;
				ORGANIZATIONNAME = Savitha;
				TargetAttributes = {
					91136808197DBFE0002B41A0 = {
						TestTargetID = 911367ED197DBFE0002B41A0;
					};
				};
			};
			buildConfigurationList = 911367E9197DBFE0002B41A0 /* Build configuration list for PBXProject "FourSquareApp" */;
			compatibilityVersion = "Xcode 3.2";
			developmentRegion = English;
			hasScannedForEncodings = 0;
			knownRegions = (
				en,
			);
			mainGroup = 911367E5197DBFE0002B41A0;
			productRefGroup = 911367EF197DBFE0002B41A0 /* Products */;
			projectDirPath = "";
			projectRoot = "";
			targets = (
				911367ED197DBFE0002B41A0 /* FourSquareApp */,
				91136808197DBFE0002B41A0 /* FourSquareAppTests */,
			);
		};
/* End PBXProject section */

/* Begin PBXResourcesBuildPhase section */
		911367EC197DBFE0002B41A0 /* Resources */ = {
			isa = PBXResourcesBuildPhase;
			buildActionMask = 2147483647;
			files = (
				911367FC197DBFE0002B41A0 /* InfoPlist.strings in Resources */,
				91136804197DBFE0002B41A0 /* Images.xcassets in Resources */,
				91136834197DCB61002B41A0 /* venue.jpeg in Resources */,
			);
			runOnlyForDeploymentPostprocessing = 0;
		};
		91136807197DBFE0002B41A0 /* Resources */ = {
			isa = PBXResourcesBuildPhase;
			buildActionMask = 2147483647;
			files = (
				91136815197DBFE0002B41A0 /* InfoPlist.strings in Resources */,
			);
			runOnlyForDeploymentPostprocessing = 0;
		};
/* End PBXResourcesBuildPhase section */

/* Begin PBXSourcesBuildPhase section */
		911367EA197DBFE0002B41A0 /* Sources */ = {
			isa = PBXSourcesBuildPhase;
			buildActionMask = 2147483647;
			files = (
				919112F21980641000AAB5F5 /* TAPFourSquareRequests.m in Sources */,
				911367FE197DBFE0002B41A0 /* main.m in Sources */,
				91136832197DC5E0002B41A0 /* FSAAnnotation.m in Sources */,
				91136828197DC202002B41A0 /* FSATVCell.m in Sources */,
				91136802197DBFE0002B41A0 /* FSAAppDelegate.m in Sources */,
				9113682B197DC328002B41A0 /* FSAFourSquareRequest.m in Sources */,
				91136825197DC0F3002B41A0 /* FSAMapVC.m in Sources */,
				91136822197DC0CA002B41A0 /* FSATableVC.m in Sources */,
			);
			runOnlyForDeploymentPostprocessing = 0;
		};
		91136805197DBFE0002B41A0 /* Sources */ = {
			isa = PBXSourcesBuildPhase;
			buildActionMask = 2147483647;
			files = (
				91136817197DBFE0002B41A0 /* FourSquareAppTests.m in Sources */,
			);
			runOnlyForDeploymentPostprocessing = 0;
		};
/* End PBXSourcesBuildPhase section */

/* Begin PBXTargetDependency section */
		9113680F197DBFE0002B41A0 /* PBXTargetDependency */ = {
			isa = PBXTargetDependency;
			target = 911367ED197DBFE0002B41A0 /* FourSquareApp */;
			targetProxy = 9113680E197DBFE0002B41A0 /* PBXContainerItemProxy */;
		};
/* End PBXTargetDependency section */

/* Begin PBXVariantGroup section */
		911367FA197DBFE0002B41A0 /* InfoPlist.strings */ = {
			isa = PBXVariantGroup;
			children = (
				911367FB197DBFE0002B41A0 /* en */,
			);
			name = InfoPlist.strings;
			sourceTree = "<group>";
		};
		91136813197DBFE0002B41A0 /* InfoPlist.strings */ = {
			isa = PBXVariantGroup;
			children = (
				91136814197DBFE0002B41A0 /* en */,
			);
			name = InfoPlist.strings;
			sourceTree = "<group>";
		};
/* End PBXVariantGroup section */

/* Begin XCBuildConfiguration section */
		91136818197DBFE0002B41A0 /* Debug */ = {
			isa = XCBuildConfiguration;
			buildSettings = {
				ALWAYS_SEARCH_USER_PATHS = NO;
				CLANG_CXX_LANGUAGE_STANDARD = "gnu++0x";
				CLANG_CXX_LIBRARY = "libc++";
				CLANG_ENABLE_MODULES = YES;
				CLANG_ENABLE_OBJC_ARC = YES;
				CLANG_WARN_BOOL_CONVERSION = YES;
				CLANG_WARN_CONSTANT_CONVERSION = YES;
				CLANG_WARN_DIRECT_OBJC_ISA_USAGE = YES_ERROR;
				CLANG_WARN_EMPTY_BODY = YES;
				CLANG_WARN_ENUM_CONVERSION = YES;
				CLANG_WARN_INT_CONVERSION = YES;
				CLANG_WARN_OBJC_ROOT_CLASS = YES_ERROR;
				CLANG_WARN__DUPLICATE_METHOD_MATCH = YES;
				"CODE_SIGN_IDENTITY[sdk=iphoneos*]" = "iPhone Developer";
				COPY_PHASE_STRIP = NO;
				GCC_C_LANGUAGE_STANDARD = gnu99;
				GCC_DYNAMIC_NO_PIC = NO;
				GCC_OPTIMIZATION_LEVEL = 0;
				GCC_PREPROCESSOR_DEFINITIONS = (
					"DEBUG=1",
					"$(inherited)",
				);
				GCC_SYMBOLS_PRIVATE_EXTERN = NO;
				GCC_WARN_64_TO_32_BIT_CONVERSION = YES;
				GCC_WARN_ABOUT_RETURN_TYPE = YES_ERROR;
				GCC_WARN_UNDECLARED_SELECTOR = YES;
				GCC_WARN_UNINITIALIZED_AUTOS = YES_AGGRESSIVE;
				GCC_WARN_UNUSED_FUNCTION = YES;
				GCC_WARN_UNUSED_VARIABLE = YES;
				IPHONEOS_DEPLOYMENT_TARGET = 7.1;
				ONLY_ACTIVE_ARCH = YES;
				SDKROOT = iphoneos;
			};
			name = Debug;
		};
		91136819197DBFE0002B41A0 /* Release */ = {
			isa = XCBuildConfiguration;
			buildSettings = {
				ALWAYS_SEARCH_USER_PATHS = NO;
				CLANG_CXX_LANGUAGE_STANDARD = "gnu++0x";
				CLANG_CXX_LIBRARY = "libc++";
				CLANG_ENABLE_MODULES = YES;
				CLANG_ENABLE_OBJC_ARC = YES;
				CLANG_WARN_BOOL_CONVERSION = YES;
				CLANG_WARN_CONSTANT_CONVERSION = YES;
				CLANG_WARN_DIRECT_OBJC_ISA_USAGE = YES_ERROR;
				CLANG_WARN_EMPTY_BODY = YES;
				CLANG_WARN_ENUM_CONVERSION = YES;
				CLANG_WARN_INT_CONVERSION = YES;
				CLANG_WARN_OBJC_ROOT_CLASS = YES_ERROR;
				CLANG_WARN__DUPLICATE_METHOD_MATCH = YES;
				"CODE_SIGN_IDENTITY[sdk=iphoneos*]" = "iPhone Developer";
				COPY_PHASE_STRIP = YES;
				ENABLE_NS_ASSERTIONS = NO;
				GCC_C_LANGUAGE_STANDARD = gnu99;
				GCC_WARN_64_TO_32_BIT_CONVERSION = YES;
				GCC_WARN_ABOUT_RETURN_TYPE = YES_ERROR;
				GCC_WARN_UNDECLARED_SELECTOR = YES;
				GCC_WARN_UNINITIALIZED_AUTOS = YES_AGGRESSIVE;
				GCC_WARN_UNUSED_FUNCTION = YES;
				GCC_WARN_UNUSED_VARIABLE = YES;
				IPHONEOS_DEPLOYMENT_TARGET = 7.1;
				SDKROOT = iphoneos;
				VALIDATE_PRODUCT = YES;
			};
			name = Release;
		};
		9113681B197DBFE0002B41A0 /* Debug */ = {
			isa = XCBuildConfiguration;
			buildSettings = {
				ASSETCATALOG_COMPILER_APPICON_NAME = AppIcon;
				ASSETCATALOG_COMPILER_LAUNCHIMAGE_NAME = LaunchImage;
				GCC_PRECOMPILE_PREFIX_HEADER = YES;
				GCC_PREFIX_HEADER = "FourSquareApp/FourSquareApp-Prefix.pch";
				INFOPLIST_FILE = "FourSquareApp/FourSquareApp-Info.plist";
				PRODUCT_NAME = "$(TARGET_NAME)";
				WRAPPER_EXTENSION = app;
			};
			name = Debug;
		};
		9113681C197DBFE0002B41A0 /* Release */ = {
			isa = XCBuildConfiguration;
			buildSettings = {
				ASSETCATALOG_COMPILER_APPICON_NAME = AppIcon;
				ASSETCATALOG_COMPILER_LAUNCHIMAGE_NAME = LaunchImage;
				GCC_PRECOMPILE_PREFIX_HEADER = YES;
				GCC_PREFIX_HEADER = "FourSquareApp/FourSquareApp-Prefix.pch";
				INFOPLIST_FILE = "FourSquareApp/FourSquareApp-Info.plist";
				PRODUCT_NAME = "$(TARGET_NAME)";
				WRAPPER_EXTENSION = app;
			};
			name = Release;
		};
		9113681E197DBFE0002B41A0 /* Debug */ = {
			isa = XCBuildConfiguration;
			buildSettings = {
				BUNDLE_LOADER = "$(BUILT_PRODUCTS_DIR)/FourSquareApp.app/FourSquareApp";
				FRAMEWORK_SEARCH_PATHS = (
					"$(SDKROOT)/Developer/Library/Frameworks",
					"$(inherited)",
					"$(DEVELOPER_FRAMEWORKS_DIR)",
				);
				GCC_PRECOMPILE_PREFIX_HEADER = YES;
				GCC_PREFIX_HEADER = "FourSquareApp/FourSquareApp-Prefix.pch";
				GCC_PREPROCESSOR_DEFINITIONS = (
					"DEBUG=1",
					"$(inherited)",
				);
				INFOPLIST_FILE = "FourSquareAppTests/FourSquareAppTests-Info.plist";
				PRODUCT_NAME = "$(TARGET_NAME)";
				TEST_HOST = "$(BUNDLE_LOADER)";
				WRAPPER_EXTENSION = xctest;
			};
			name = Debug;
		};
		9113681F197DBFE0002B41A0 /* Release */ = {
			isa = XCBuildConfiguration;
			buildSettings = {
				BUNDLE_LOADER = "$(BUILT_PRODUCTS_DIR)/FourSquareApp.app/FourSquareApp";
				FRAMEWORK_SEARCH_PATHS = (
					"$(SDKROOT)/Developer/Library/Frameworks",
					"$(inherited)",
					"$(DEVELOPER_FRAMEWORKS_DIR)",
				);
				GCC_PRECOMPILE_PREFIX_HEADER = YES;
				GCC_PREFIX_HEADER = "FourSquareApp/FourSquareApp-Prefix.pch";
				INFOPLIST_FILE = "FourSquareAppTests/FourSquareAppTests-Info.plist";
				PRODUCT_NAME = "$(TARGET_NAME)";
				TEST_HOST = "$(BUNDLE_LOADER)";
				WRAPPER_EXTENSION = xctest;
			};
			name = Release;
		};
/* End XCBuildConfiguration section */

/* Begin XCConfigurationList section */
		911367E9197DBFE0002B41A0 /* Build configuration list for PBXProject "FourSquareApp" */ = {
			isa = XCConfigurationList;
			buildConfigurations = (
				91136818197DBFE0002B41A0 /* Debug */,
				91136819197DBFE0002B41A0 /* Release */,
			);
			defaultConfigurationIsVisible = 0;
			defaultConfigurationName = Release;
		};
		9113681A197DBFE0002B41A0 /* Build configuration list for PBXNativeTarget "FourSquareApp" */ = {
			isa = XCConfigurationList;
			buildConfigurations = (
				9113681B197DBFE0002B41A0 /* Debug */,
				9113681C197DBFE0002B41A0 /* Release */,
			);
			defaultConfigurationIsVisible = 0;
			defaultConfigurationName = Release;
		};
		9113681D197DBFE0002B41A0 /* Build configuration list for PBXNativeTarget "FourSquareAppTests" */ = {
			isa = XCConfigurationList;
			buildConfigurations = (
				9113681E197DBFE0002B41A0 /* Debug */,
				9113681F197DBFE0002B41A0 /* Release */,
			);
			defaultConfigurationIsVisible = 0;
			defaultConfigurationName = Release;
		};
/* End XCConfigurationList section */
	};
	rootObject = 911367E6197DBFE0002B41A0 /* Project object */;
}
